
Microsoft Visual Studio Solution File, Format Version 12.00
# Visual Studio Version 17
VisualStudioVersion = 17.10.34916.146
MinimumVisualStudioVersion = 10.0.40219.1
Project("{FAE04EC0-301F-11D3-BF4B-00C04F79EFBC}") = "Rock-Papers-scissors", "Rock-Papers-scissors\Rock-Papers-scissors.csproj", "{D85AB4E2-71D2-48DD-9BBE-49E04786C76C}"
EndProject
Global
	GlobalSection(SolutionConfigurationPlatforms) = preSolution
		Debug|Any CPU = Debug|Any CPU
		Release|Any CPU = Release|Any CPU
	EndGlobalSection
	GlobalSection(ProjectConfigurationPlatforms) = postSolution
		{D85AB4E2-71D2-48DD-9BBE-49E04786C76C}.Debug|Any CPU.ActiveCfg = Debug|Any CPU
		{D85AB4E2-71D2-48DD-9BBE-49E04786C76C}.Debug|Any CPU.Build.0 = Debug|Any CPU
		{D85AB4E2-71D2-48DD-9BBE-49E04786C76C}.Release|Any CPU.ActiveCfg = Release|Any CPU
		{D85AB4E2-71D2-48DD-9BBE-49E04786C76C}.Release|Any CPU.Build.0 = Release|Any CPU
	EndGlobalSection
	GlobalSection(SolutionProperties) = preSolution
		HideSolutionNode = FALSE
	EndGlobalSection
	GlobalSection(ExtensibilityGlobals) = postSolution
		SolutionGuid = {0D75B77D-9DD0-4EEA-A37C-293E16FA7FB0}
	EndGlobalSection
EndGlobal
